
Microsoft Visual Studio Solution File, Format Version 12.00
# Visual Studio Version 17
VisualStudioVersion = 17.0.31903.59
MinimumVisualStudioVersion = 10.0.40219.1
Project("{9A19103F-16F7-4668-BE54-9A1E7A4F7556}") = "SMSMService", "SMSMService\SMSMService.csproj", "{03C4B03F-C915-4E22-AD9A-3573FE3E3BB9}"
EndProject
Project("{2150E333-8FDC-42A3-9474-1A3956D46DE8}") = "Solution Items", "Solution Items", "{982D9A81-8372-4960-86E3-BEADAD483095}"
	ProjectSection(SolutionItems) = preProject
		.editorconfig = .editorconfig
	EndProjectSection
EndProject
Project("{9A19103F-16F7-4668-BE54-9A1E7A4F7556}") = "SMSMRemoteTool", "SMSMRemoteTool\SMSMRemoteTool.csproj", "{81BB64C7-C604-43D7-805B-838EA1E04BD2}"
EndProject
Global
	GlobalSection(SolutionConfigurationPlatforms) = preSolution
		Debug|Any CPU = Debug|Any CPU
		Release|Any CPU = Release|Any CPU
	EndGlobalSection
	GlobalSection(ProjectConfigurationPlatforms) = postSolution
		{03C4B03F-C915-4E22-AD9A-3573FE3E3BB9}.Debug|Any CPU.ActiveCfg = Debug|Any CPU
		{03C4B03F-C915-4E22-AD9A-3573FE3E3BB9}.Debug|Any CPU.Build.0 = Debug|Any CPU
		{03C4B03F-C915-4E22-AD9A-3573FE3E3BB9}.Release|Any CPU.ActiveCfg = Release|Any CPU
		{03C4B03F-C915-4E22-AD9A-3573FE3E3BB9}.Release|Any CPU.Build.0 = Release|Any CPU
		{81BB64C7-C604-43D7-805B-838EA1E04BD2}.Debug|Any CPU.ActiveCfg = Debug|Any CPU
		{81BB64C7-C604-43D7-805B-838EA1E04BD2}.Debug|Any CPU.Build.0 = Debug|Any CPU
		{81BB64C7-C604-43D7-805B-838EA1E04BD2}.Release|Any CPU.ActiveCfg = Release|Any CPU
		{81BB64C7-C604-43D7-805B-838EA1E04BD2}.Release|Any CPU.Build.0 = Release|Any CPU
	EndGlobalSection
	GlobalSection(SolutionProperties) = preSolution
		HideSolutionNode = FALSE
	EndGlobalSection
	GlobalSection(ExtensibilityGlobals) = postSolution
		SolutionGuid = {A0537295-D1AD-4A7A-8B9F-07F6FD08AC14}
	EndGlobalSection
EndGlobal
